
Microsoft Visual Studio Solution File, Format Version 12.00
# Visual Studio Version 17
VisualStudioVersion = 17.13.35919.96
MinimumVisualStudioVersion = 10.0.40219.1
Project("{FAE04EC0-301F-11D3-BF4B-00C04F79EFBC}") = "Better Linkable Colors", "Source\Better Linkable Colors.csproj", "{CFC36D75-183F-4900-812F-E086F99244E3}"
EndProject
Global
	GlobalSection(SolutionConfigurationPlatforms) = preSolution
		1.2|Any CPU = 1.2|Any CPU
		1.3|Any CPU = 1.3|Any CPU
		1.4|Any CPU = 1.4|Any CPU
		1.5|Any CPU = 1.5|Any CPU
	EndGlobalSection
	GlobalSection(ProjectConfigurationPlatforms) = postSolution
		{CFC36D75-183F-4900-812F-E086F99244E3}.1.2|Any CPU.ActiveCfg = 1.2|Any CPU
		{CFC36D75-183F-4900-812F-E086F99244E3}.1.2|Any CPU.Build.0 = 1.2|Any CPU
		{CFC36D75-183F-4900-812F-E086F99244E3}.1.3|Any CPU.ActiveCfg = 1.3|Any CPU
		{CFC36D75-183F-4900-812F-E086F99244E3}.1.3|Any CPU.Build.0 = 1.3|Any CPU
		{CFC36D75-183F-4900-812F-E086F99244E3}.1.4|Any CPU.ActiveCfg = 1.4|Any CPU
		{CFC36D75-183F-4900-812F-E086F99244E3}.1.4|Any CPU.Build.0 = 1.4|Any CPU
		{CFC36D75-183F-4900-812F-E086F99244E3}.1.5|Any CPU.ActiveCfg = 1.5|Any CPU
		{CFC36D75-183F-4900-812F-E086F99244E3}.1.5|Any CPU.Build.0 = 1.5|Any CPU
	EndGlobalSection
	GlobalSection(SolutionProperties) = preSolution
		HideSolutionNode = FALSE
	EndGlobalSection
	GlobalSection(ExtensibilityGlobals) = postSolution
		SolutionGuid = {C186EFC8-25B6-4FF6-87F6-A908FA23D638}
	EndGlobalSection
EndGlobal
